
Microsoft Visual Studio Solution File, Format Version 12.00
# Visual Studio Version 17
VisualStudioVersion = 17.4.33213.308
MinimumVisualStudioVersion = 10.0.40219.1
Project("{9A19103F-16F7-4668-BE54-9A1E7A4F7556}") = "Tienda.Server", "Tienda\Server\Tienda.Server.csproj", "{04F19162-8D19-413E-A9AF-AEE017263CD0}"
EndProject
Project("{9A19103F-16F7-4668-BE54-9A1E7A4F7556}") = "Tienda.Client", "Tienda\Client\Tienda.Client.csproj", "{EE192691-CB17-467F-9D4D-4E30B3619D52}"
EndProject
Project("{9A19103F-16F7-4668-BE54-9A1E7A4F7556}") = "Tienda.Shared", "Tienda\Shared\Tienda.Shared.csproj", "{8559BAF0-0735-451D-8CB6-78E85BC33816}"
EndProject
Global
	GlobalSection(SolutionConfigurationPlatforms) = preSolution
		Debug|Any CPU = Debug|Any CPU
		Release|Any CPU = Release|Any CPU
	EndGlobalSection
	GlobalSection(ProjectConfigurationPlatforms) = postSolution
		{04F19162-8D19-413E-A9AF-AEE017263CD0}.Debug|Any CPU.ActiveCfg = Debug|Any CPU
		{04F19162-8D19-413E-A9AF-AEE017263CD0}.Debug|Any CPU.Build.0 = Debug|Any CPU
		{04F19162-8D19-413E-A9AF-AEE017263CD0}.Release|Any CPU.ActiveCfg = Release|Any CPU
		{04F19162-8D19-413E-A9AF-AEE017263CD0}.Release|Any CPU.Build.0 = Release|Any CPU
		{EE192691-CB17-467F-9D4D-4E30B3619D52}.Debug|Any CPU.ActiveCfg = Debug|Any CPU
		{EE192691-CB17-467F-9D4D-4E30B3619D52}.Debug|Any CPU.Build.0 = Debug|Any CPU
		{EE192691-CB17-467F-9D4D-4E30B3619D52}.Release|Any CPU.ActiveCfg = Release|Any CPU
		{EE192691-CB17-467F-9D4D-4E30B3619D52}.Release|Any CPU.Build.0 = Release|Any CPU
		{8559BAF0-0735-451D-8CB6-78E85BC33816}.Debug|Any CPU.ActiveCfg = Debug|Any CPU
		{8559BAF0-0735-451D-8CB6-78E85BC33816}.Debug|Any CPU.Build.0 = Debug|Any CPU
		{8559BAF0-0735-451D-8CB6-78E85BC33816}.Release|Any CPU.ActiveCfg = Release|Any CPU
		{8559BAF0-0735-451D-8CB6-78E85BC33816}.Release|Any CPU.Build.0 = Release|Any CPU
	EndGlobalSection
	GlobalSection(SolutionProperties) = preSolution
		HideSolutionNode = FALSE
	EndGlobalSection
	GlobalSection(ExtensibilityGlobals) = postSolution
		SolutionGuid = {A63153C7-E8D7-4147-A2B3-F2E89B12682A}
	EndGlobalSection
EndGlobal
